
Microsoft Visual Studio Solution File, Format Version 12.00
# Visual Studio Version 17
VisualStudioVersion = 17.4.33122.133
MinimumVisualStudioVersion = 10.0.40219.1
Project("{FAE04EC0-301F-11D3-BF4B-00C04F79EFBC}") = "ProductAPI", "ProductAPI\ProductAPI.csproj", "{40ADFE14-3872-4206-962C-36318E3459C7}"
EndProject
Global
	GlobalSection(SolutionConfigurationPlatforms) = preSolution
		Debug|Any CPU = Debug|Any CPU
		Release|Any CPU = Release|Any CPU
	EndGlobalSection
	GlobalSection(ProjectConfigurationPlatforms) = postSolution
		{40ADFE14-3872-4206-962C-36318E3459C7}.Debug|Any CPU.ActiveCfg = Debug|Any CPU
		{40ADFE14-3872-4206-962C-36318E3459C7}.Debug|Any CPU.Build.0 = Debug|Any CPU
		{40ADFE14-3872-4206-962C-36318E3459C7}.Release|Any CPU.ActiveCfg = Release|Any CPU
		{40ADFE14-3872-4206-962C-36318E3459C7}.Release|Any CPU.Build.0 = Release|Any CPU
	EndGlobalSection
	GlobalSection(SolutionProperties) = preSolution
		HideSolutionNode = FALSE
	EndGlobalSection
	GlobalSection(ExtensibilityGlobals) = postSolution
		SolutionGuid = {37FA1288-C4F1-4836-900F-1C9599EE3CE6}
	EndGlobalSection
EndGlobal
